
Microsoft Visual Studio Solution File, Format Version 12.00
Project("{FAE04EC0-301F-11D3-BF4B-00C04F79EFBC}") = "File-Organizer", "File-Organizer\File-Organizer.csproj", "{0FA6D26B-1962-4C18-A5B0-BC04E3CFB857}"
EndProject
Global
	GlobalSection(SolutionConfigurationPlatforms) = preSolution
		Debug|Any CPU = Debug|Any CPU
		Release|Any CPU = Release|Any CPU
	EndGlobalSection
	GlobalSection(ProjectConfigurationPlatforms) = postSolution
		{0FA6D26B-1962-4C18-A5B0-BC04E3CFB857}.Debug|Any CPU.ActiveCfg = Debug|Any CPU
		{0FA6D26B-1962-4C18-A5B0-BC04E3CFB857}.Debug|Any CPU.Build.0 = Debug|Any CPU
		{0FA6D26B-1962-4C18-A5B0-BC04E3CFB857}.Release|Any CPU.ActiveCfg = Release|Any CPU
		{0FA6D26B-1962-4C18-A5B0-BC04E3CFB857}.Release|Any CPU.Build.0 = Release|Any CPU
	EndGlobalSection
EndGlobal
